{
  "version": 4,
  "terraform_version": "1.13.3",
  "serial": 11,
  "lineage": "471d15fa-27d8-04c4-76a5-59f72c2f93fb",
  "outputs": {},
  "resources": [
    {
      "mode": "managed",
      "type": "google_storage_bucket",
      "name": "mattscholta_terraform_state",
      "provider": "provider[\"registry.terraform.io/hashicorp/google\"]",
      "instances": [
        {
          "schema_version": 4,
          "attributes": {
            "autoclass": [],
            "cors": [],
            "custom_placement_config": [],
            "default_event_based_hold": false,
            "effective_labels": {
              "goog-terraform-provisioned": "true"
            },
            "enable_object_retention": false,
            "encryption": [],
            "force_destroy": false,
            "hierarchical_namespace": [
              {
                "enabled": false
              }
            ],
            "id": "mattscholta-terraform-state",
            "ip_filter": [],
            "labels": {},
            "lifecycle_rule": [],
            "location": "US",
            "logging": [],
            "name": "mattscholta-terraform-state",
            "project": "monorepo-staging-473406",
            "project_number": 322292927973,
            "public_access_prevention": "inherited",
            "requester_pays": false,
            "retention_policy": [],
            "rpo": "DEFAULT",
            "self_link": "https://www.googleapis.com/storage/v1/b/mattscholta-terraform-state",
            "soft_delete_policy": [
              {
                "effective_time": "2025-09-29T04:37:59.533Z",
                "retention_duration_seconds": 604800
              }
            ],
            "storage_class": "STANDARD",
            "terraform_labels": {
              "goog-terraform-provisioned": "true"
            },
            "time_created": "2025-09-29T04:37:59.533Z",
            "timeouts": null,
            "uniform_bucket_level_access": true,
            "updated": "2025-09-29T04:37:59.533Z",
            "url": "gs://mattscholta-terraform-state",
            "versioning": [],
            "website": []
          },
          "sensitive_attributes": [],
          "identity_schema_version": 0,
          "private": "eyJlMmJmYjczMC1lY2FhLTExZTYtOGY4OC0zNDM2M2JjN2M0YzAiOnsiY3JlYXRlIjo2MDAwMDAwMDAwMDAsInJlYWQiOjI0MDAwMDAwMDAwMCwidXBkYXRlIjoyNDAwMDAwMDAwMDB9LCJzY2hlbWFfdmVyc2lvbiI6IjQifQ=="
        }
      ]
    },
    {
      "mode": "managed",
      "type": "google_storage_bucket_object",
      "name": "default",
      "provider": "provider[\"registry.terraform.io/hashicorp/google\"]",
      "instances": [
        {
          "schema_version": 0,
          "attributes": {
            "bucket": "mattscholta-terraform-state",
            "cache_control": "",
            "content": null,
            "content_disposition": "",
            "content_encoding": "",
            "content_language": "",
            "content_type": "text/plain",
            "crc32c": "HrUGyw==",
            "customer_encryption": [],
            "deletion_policy": null,
            "detect_md5hash": "3gpEwVwoskPI8nUDtZQxaA==",
            "event_based_hold": false,
            "force_empty_content_type": null,
            "generation": 1759120706256816,
            "id": "mattscholta-terraform-state-README.md",
            "kms_key_name": "",
            "md5hash": "3gpEwVwoskPI8nUDtZQxaA==",
            "md5hexhash": "de0a44c15c28b243c8f27503b5943168",
            "media_link": "https://storage.googleapis.com/download/storage/v1/b/mattscholta-terraform-state/o/README.md?generation=1759120706256816\u0026alt=media",
            "metadata": null,
            "name": "README.md",
            "output_name": "README.md",
            "retention": [],
            "self_link": "https://www.googleapis.com/storage/v1/b/mattscholta-terraform-state/o/README.md",
            "source": "../../README.md",
            "source_md5hash": "",
            "storage_class": "STANDARD",
            "temporary_hold": false,
            "timeouts": null
          },
          "sensitive_attributes": [
            [
              {
                "type": "get_attr",
                "value": "content"
              }
            ]
          ],
          "identity_schema_version": 0,
          "private": "eyJlMmJmYjczMC1lY2FhLTExZTYtOGY4OC0zNDM2M2JjN2M0YzAiOnsiY3JlYXRlIjoyNDAwMDAwMDAwMDAsImRlbGV0ZSI6MjQwMDAwMDAwMDAwLCJ1cGRhdGUiOjI0MDAwMDAwMDAwMH19",
          "dependencies": [
            "google_storage_bucket.mattscholta_terraform_state"
          ]
        }
      ]
    }
  ],
  "check_results": null
}
